// !$*UTF8*$!
{
	archiveVersion = 1;
	classes = {
	};
	objectVersion = 55;
	objects = {

/* Begin PBXBuildFile section */
		6015E2B428CA06F6005447EB /* HapticManager.swift in Sources */ = {isa = PBXBuildFile; fileRef = 6015E2B328CA06F6005447EB /* HapticManager.swift */; };
		6033256628C20EF10010BEFF /* SearchBarView.swift in Sources */ = {isa = PBXBuildFile; fileRef = 6033256528C20EF10010BEFF /* SearchBarView.swift */; };
		6033256828C212AF0010BEFF /* UIApplication.swift in Sources */ = {isa = PBXBuildFile; fileRef = 6033256728C212AF0010BEFF /* UIApplication.swift */; };
		6033256A28C21BFF0010BEFF /* StatisticModel.swift in Sources */ = {isa = PBXBuildFile; fileRef = 6033256928C21BFF0010BEFF /* StatisticModel.swift */; };
		6033256C28C21D010010BEFF /* StatisticView.swift in Sources */ = {isa = PBXBuildFile; fileRef = 6033256B28C21D010010BEFF /* StatisticView.swift */; };
		6033256E28C21FDC0010BEFF /* HomeStatsView.swift in Sources */ = {isa = PBXBuildFile; fileRef = 6033256D28C21FDC0010BEFF /* HomeStatsView.swift */; };
		6033257028C222710010BEFF /* MarketDataModel.swift in Sources */ = {isa = PBXBuildFile; fileRef = 6033256F28C222710010BEFF /* MarketDataModel.swift */; };
		60340BEA28C0BCCB00D6B531 /* NetworkingManager.swift in Sources */ = {isa = PBXBuildFile; fileRef = 60340BE928C0BCCB00D6B531 /* NetworkingManager.swift */; };
		60340BED28C0C15C00D6B531 /* CoinImageView.swift in Sources */ = {isa = PBXBuildFile; fileRef = 60340BEC28C0C15C00D6B531 /* CoinImageView.swift */; };
		60340BEF28C0C29100D6B531 /* CoinImageService.swift in Sources */ = {isa = PBXBuildFile; fileRef = 60340BEE28C0C29100D6B531 /* CoinImageService.swift */; };
		60340BF128C0C41500D6B531 /* CoinImageViewModel.swift in Sources */ = {isa = PBXBuildFile; fileRef = 60340BF028C0C41500D6B531 /* CoinImageViewModel.swift */; };
		60340BF328C0C8F100D6B531 /* LocalFileManager.swift in Sources */ = {isa = PBXBuildFile; fileRef = 60340BF228C0C8F100D6B531 /* LocalFileManager.swift */; };
		603F82E028BF71E300CD9A1A /* HomeViewModel.swift in Sources */ = {isa = PBXBuildFile; fileRef = 603F82DF28BF71E300CD9A1A /* HomeViewModel.swift */; };
		603F82E328BF7DB500CD9A1A /* CoinDataService.swift in Sources */ = {isa = PBXBuildFile; fileRef = 603F82E228BF7DB500CD9A1A /* CoinDataService.swift */; };
		604BD01A28CF459E00BBB5E7 /* CoinDetailModel.swift in Sources */ = {isa = PBXBuildFile; fileRef = 604BD01928CF459E00BBB5E7 /* CoinDetailModel.swift */; };
		604BD01C28CF45F900BBB5E7 /* DetailViewModel.swift in Sources */ = {isa = PBXBuildFile; fileRef = 604BD01B28CF45F900BBB5E7 /* DetailViewModel.swift */; };
		604BD01E28CF461700BBB5E7 /* CoinDetailDataService.swift in Sources */ = {isa = PBXBuildFile; fileRef = 604BD01D28CF461700BBB5E7 /* CoinDetailDataService.swift */; };
		606F865928D3348200CD6969 /* String.swift in Sources */ = {isa = PBXBuildFile; fileRef = 606F865828D3348200CD6969 /* String.swift */; };
		606F865E28D33A5000CD6969 /* SettingsView.swift in Sources */ = {isa = PBXBuildFile; fileRef = 606F865D28D33A5000CD6969 /* SettingsView.swift */; };
		606F866228D3457700CD6969 /* LaunchScreen.storyboard in Resources */ = {isa = PBXBuildFile; fileRef = 606F866128D3457700CD6969 /* LaunchScreen.storyboard */; };
		606F866428D346A300CD6969 /* LaunchView.swift in Sources */ = {isa = PBXBuildFile; fileRef = 606F866328D346A300CD6969 /* LaunchView.swift */; };
		6070DE1928C76047008C66A7 /* PortfolioContainer.xcdatamodeld in Sources */ = {isa = PBXBuildFile; fileRef = 6070DE1728C76047008C66A7 /* PortfolioContainer.xcdatamodeld */; };
		6070DE1B28C760AA008C66A7 /* PortfolioDataService.swift in Sources */ = {isa = PBXBuildFile; fileRef = 6070DE1A28C760AA008C66A7 /* PortfolioDataService.swift */; };
		60AD4DC828C607A200D824D2 /* MarketDataService.swift in Sources */ = {isa = PBXBuildFile; fileRef = 60AD4DC728C607A200D824D2 /* MarketDataService.swift */; };
		60AD4DCA28C60F3100D824D2 /* PortifolioView.swift in Sources */ = {isa = PBXBuildFile; fileRef = 60AD4DC928C60F3100D824D2 /* PortifolioView.swift */; };
		60AD4DCC28C6113700D824D2 /* XMarkButton.swift in Sources */ = {isa = PBXBuildFile; fileRef = 60AD4DCB28C6113700D824D2 /* XMarkButton.swift */; };
		60AD4DCE28C6166400D824D2 /* CoinLogoView.swift in Sources */ = {isa = PBXBuildFile; fileRef = 60AD4DCD28C6166400D824D2 /* CoinLogoView.swift */; };
		60B62AFF28BE1BF3009134B4 /* CryptoApp.swift in Sources */ = {isa = PBXBuildFile; fileRef = 60B62AFE28BE1BF3009134B4 /* CryptoApp.swift */; };
		60B62B0628BE1BF6009134B4 /* Preview Assets.xcassets in Resources */ = {isa = PBXBuildFile; fileRef = 60B62B0528BE1BF6009134B4 /* Preview Assets.xcassets */; };
		60B62B0D28BE1D01009134B4 /* Assets.xcassets in Resources */ = {isa = PBXBuildFile; fileRef = 60B62B0C28BE1D01009134B4 /* Assets.xcassets */; };
		60B62B1028BE1D6D009134B4 /* Colors.swift in Sources */ = {isa = PBXBuildFile; fileRef = 60B62B0F28BE1D6D009134B4 /* Colors.swift */; };
		60B62B1628BE1EDC009134B4 /* HomeView.swift in Sources */ = {isa = PBXBuildFile; fileRef = 60B62B1528BE1EDC009134B4 /* HomeView.swift */; };
		60B62B1A28BE1FAF009134B4 /* CircleButtonView.swift in Sources */ = {isa = PBXBuildFile; fileRef = 60B62B1928BE1FAF009134B4 /* CircleButtonView.swift */; };
		60B62B1C28BE2254009134B4 /* CircleButtonAnimationView.swift in Sources */ = {isa = PBXBuildFile; fileRef = 60B62B1B28BE2254009134B4 /* CircleButtonAnimationView.swift */; };
		60B62B1F28BE255C009134B4 /* CoinModel.swift in Sources */ = {isa = PBXBuildFile; fileRef = 60B62B1E28BE255C009134B4 /* CoinModel.swift */; };
		60B62B2128BE2C82009134B4 /* CoinRowView.swift in Sources */ = {isa = PBXBuildFile; fileRef = 60B62B2028BE2C82009134B4 /* CoinRowView.swift */; };
		60B62B2328BE2CC6009134B4 /* PreviewProvider.swift in Sources */ = {isa = PBXBuildFile; fileRef = 60B62B2228BE2CC6009134B4 /* PreviewProvider.swift */; };
		60B62B2528BE2F5A009134B4 /* Double.swift in Sources */ = {isa = PBXBuildFile; fileRef = 60B62B2428BE2F5A009134B4 /* Double.swift */; };
		60D172DE28CB561C00038692 /* DetailView.swift in Sources */ = {isa = PBXBuildFile; fileRef = 60D172DD28CB561C00038692 /* DetailView.swift */; };
		60ED380428D09B000028A0AD /* ChartView.swift in Sources */ = {isa = PBXBuildFile; fileRef = 60ED380328D09B000028A0AD /* ChartView.swift */; };
		60ED380628D0A0330028A0AD /* Date.swift in Sources */ = {isa = PBXBuildFile; fileRef = 60ED380528D0A0330028A0AD /* Date.swift */; };
/* End PBXBuildFile section */

/* Begin PBXFileReference section */
		6015E2B328CA06F6005447EB /* HapticManager.swift */ = {isa = PBXFileReference; lastKnownFileType = sourcecode.swift; path = HapticManager.swift; sourceTree = "<group>"; };
		6033256528C20EF10010BEFF /* SearchBarView.swift */ = {isa = PBXFileReference; lastKnownFileType = sourcecode.swift; path = SearchBarView.swift; sourceTree = "<group>"; };
		6033256728C212AF0010BEFF /* UIApplication.swift */ = {isa = PBXFileReference; lastKnownFileType = sourcecode.swift; path = UIApplication.swift; sourceTree = "<group>"; };
		6033256928C21BFF0010BEFF /* StatisticModel.swift */ = {isa = PBXFileReference; lastKnownFileType = sourcecode.swift; path = StatisticModel.swift; sourceTree = "<group>"; };
		6033256B28C21D010010BEFF /* StatisticView.swift */ = {isa = PBXFileReference; lastKnownFileType = sourcecode.swift; path = StatisticView.swift; sourceTree = "<group>"; };
		6033256D28C21FDC0010BEFF /* HomeStatsView.swift */ = {isa = PBXFileReference; lastKnownFileType = sourcecode.swift; path = HomeStatsView.swift; sourceTree = "<group>"; };
		6033256F28C222710010BEFF /* MarketDataModel.swift */ = {isa = PBXFileReference; lastKnownFileType = sourcecode.swift; path = MarketDataModel.swift; sourceTree = "<group>"; };
		60340BE928C0BCCB00D6B531 /* NetworkingManager.swift */ = {isa = PBXFileReference; lastKnownFileType = sourcecode.swift; path = NetworkingManager.swift; sourceTree = "<group>"; };
		60340BEC28C0C15C00D6B531 /* CoinImageView.swift */ = {isa = PBXFileReference; lastKnownFileType = sourcecode.swift; path = CoinImageView.swift; sourceTree = "<group>"; };
		60340BEE28C0C29100D6B531 /* CoinImageService.swift */ = {isa = PBXFileReference; lastKnownFileType = sourcecode.swift; path = CoinImageService.swift; sourceTree = "<group>"; };
		60340BF028C0C41500D6B531 /* CoinImageViewModel.swift */ = {isa = PBXFileReference; lastKnownFileType = sourcecode.swift; path = CoinImageViewModel.swift; sourceTree = "<group>"; };
		60340BF228C0C8F100D6B531 /* LocalFileManager.swift */ = {isa = PBXFileReference; lastKnownFileType = sourcecode.swift; path = LocalFileManager.swift; sourceTree = "<group>"; };
		603F82DF28BF71E300CD9A1A /* HomeViewModel.swift */ = {isa = PBXFileReference; lastKnownFileType = sourcecode.swift; path = HomeViewModel.swift; sourceTree = "<group>"; };
		603F82E228BF7DB500CD9A1A /* CoinDataService.swift */ = {isa = PBXFileReference; lastKnownFileType = sourcecode.swift; path = CoinDataService.swift; sourceTree = "<group>"; };
		604BD01928CF459E00BBB5E7 /* CoinDetailModel.swift */ = {isa = PBXFileReference; lastKnownFileType = sourcecode.swift; path = CoinDetailModel.swift; sourceTree = "<group>"; };
		604BD01B28CF45F900BBB5E7 /* DetailViewModel.swift */ = {isa = PBXFileReference; lastKnownFileType = sourcecode.swift; path = DetailViewModel.swift; sourceTree = "<group>"; };
		604BD01D28CF461700BBB5E7 /* CoinDetailDataService.swift */ = {isa = PBXFileReference; lastKnownFileType = sourcecode.swift; path = CoinDetailDataService.swift; sourceTree = "<group>"; };
		606F865828D3348200CD6969 /* String.swift */ = {isa = PBXFileReference; lastKnownFileType = sourcecode.swift; path = String.swift; sourceTree = "<group>"; };
		606F865D28D33A5000CD6969 /* SettingsView.swift */ = {isa = PBXFileReference; lastKnownFileType = sourcecode.swift; path = SettingsView.swift; sourceTree = "<group>"; };
		606F866128D3457700CD6969 /* LaunchScreen.storyboard */ = {isa = PBXFileReference; lastKnownFileType = file.storyboard; path = LaunchScreen.storyboard; sourceTree = "<group>"; };
		606F866328D346A300CD6969 /* LaunchView.swift */ = {isa = PBXFileReference; lastKnownFileType = sourcecode.swift; path = LaunchView.swift; sourceTree = "<group>"; };
		6070DE1828C76047008C66A7 /* PortfolioContainer.xcdatamodel */ = {isa = PBXFileReference; lastKnownFileType = wrapper.xcdatamodel; path = PortfolioContainer.xcdatamodel; sourceTree = "<group>"; };
		6070DE1A28C760AA008C66A7 /* PortfolioDataService.swift */ = {isa = PBXFileReference; lastKnownFileType = sourcecode.swift; path = PortfolioDataService.swift; sourceTree = "<group>"; };
		60AD4DC728C607A200D824D2 /* MarketDataService.swift */ = {isa = PBXFileReference; lastKnownFileType = sourcecode.swift; path = MarketDataService.swift; sourceTree = "<group>"; };
		60AD4DC928C60F3100D824D2 /* PortifolioView.swift */ = {isa = PBXFileReference; lastKnownFileType = sourcecode.swift; path = PortifolioView.swift; sourceTree = "<group>"; };
		60AD4DCB28C6113700D824D2 /* XMarkButton.swift */ = {isa = PBXFileReference; lastKnownFileType = sourcecode.swift; path = XMarkButton.swift; sourceTree = "<group>"; };
		60AD4DCD28C6166400D824D2 /* CoinLogoView.swift */ = {isa = PBXFileReference; lastKnownFileType = sourcecode.swift; path = CoinLogoView.swift; sourceTree = "<group>"; };
		60B62AFB28BE1BF3009134B4 /* Crypto Tracker.app */ = {isa = PBXFileReference; explicitFileType = wrapper.application; includeInIndex = 0; path = "Crypto Tracker.app"; sourceTree = BUILT_PRODUCTS_DIR; };
		60B62AFE28BE1BF3009134B4 /* CryptoApp.swift */ = {isa = PBXFileReference; lastKnownFileType = sourcecode.swift; path = CryptoApp.swift; sourceTree = "<group>"; };
		60B62B0528BE1BF6009134B4 /* Preview Assets.xcassets */ = {isa = PBXFileReference; lastKnownFileType = folder.assetcatalog; path = "Preview Assets.xcassets"; sourceTree = "<group>"; };
		60B62B0C28BE1D01009134B4 /* Assets.xcassets */ = {isa = PBXFileReference; lastKnownFileType = folder.assetcatalog; name = Assets.xcassets; path = ../../../../../../Downloads/Resources/Assets.xcassets; sourceTree = "<group>"; };
		60B62B0F28BE1D6D009134B4 /* Colors.swift */ = {isa = PBXFileReference; lastKnownFileType = sourcecode.swift; path = Colors.swift; sourceTree = "<group>"; };
		60B62B1528BE1EDC009134B4 /* HomeView.swift */ = {isa = PBXFileReference; lastKnownFileType = sourcecode.swift; path = HomeView.swift; sourceTree = "<group>"; };
		60B62B1928BE1FAF009134B4 /* CircleButtonView.swift */ = {isa = PBXFileReference; lastKnownFileType = sourcecode.swift; path = CircleButtonView.swift; sourceTree = "<group>"; };
		60B62B1B28BE2254009134B4 /* CircleButtonAnimationView.swift */ = {isa = PBXFileReference; lastKnownFileType = sourcecode.swift; path = CircleButtonAnimationView.swift; sourceTree = "<group>"; };
		60B62B1E28BE255C009134B4 /* CoinModel.swift */ = {isa = PBXFileReference; lastKnownFileType = sourcecode.swift; path = CoinModel.swift; sourceTree = "<group>"; };
		60B62B2028BE2C82009134B4 /* CoinRowView.swift */ = {isa = PBXFileReference; lastKnownFileType = sourcecode.swift; path = CoinRowView.swift; sourceTree = "<group>"; };
		60B62B2228BE2CC6009134B4 /* PreviewProvider.swift */ = {isa = PBXFileReference; lastKnownFileType = sourcecode.swift; path = PreviewProvider.swift; sourceTree = "<group>"; };
		60B62B2428BE2F5A009134B4 /* Double.swift */ = {isa = PBXFileReference; lastKnownFileType = sourcecode.swift; path = Double.swift; sourceTree = "<group>"; };
		60D172DD28CB561C00038692 /* DetailView.swift */ = {isa = PBXFileReference; lastKnownFileType = sourcecode.swift; path = DetailView.swift; sourceTree = "<group>"; };
		60ED380328D09B000028A0AD /* ChartView.swift */ = {isa = PBXFileReference; lastKnownFileType = sourcecode.swift; path = ChartView.swift; sourceTree = "<group>"; };
		60ED380528D0A0330028A0AD /* Date.swift */ = {isa = PBXFileReference; lastKnownFileType = sourcecode.swift; path = Date.swift; sourceTree = "<group>"; };
/* End PBXFileReference section */

/* Begin PBXFrameworksBuildPhase section */
		60B62AF828BE1BF3009134B4 /* Frameworks */ = {
			isa = PBXFrameworksBuildPhase;
			buildActionMask = 2147483647;
			files = (
			);
			runOnlyForDeploymentPostprocessing = 0;
		};
/* End PBXFrameworksBuildPhase section */

/* Begin PBXGroup section */
		60340BE828C0BCA600D6B531 /* Utilities */ = {
			isa = PBXGroup;
			children = (
				60340BE928C0BCCB00D6B531 /* NetworkingManager.swift */,
				60340BF228C0C8F100D6B531 /* LocalFileManager.swift */,
				6015E2B328CA06F6005447EB /* HapticManager.swift */,
			);
			path = Utilities;
			sourceTree = "<group>";
		};
		60340BEB28C0C15300D6B531 /* CoinImage */ = {
			isa = PBXGroup;
			children = (
				60340BEC28C0C15C00D6B531 /* CoinImageView.swift */,
				60340BF028C0C41500D6B531 /* CoinImageViewModel.swift */,
				60AD4DCD28C6166400D824D2 /* CoinLogoView.swift */,
			);
			path = CoinImage;
			sourceTree = "<group>";
		};
		603F82E128BF7D9700CD9A1A /* Services */ = {
			isa = PBXGroup;
			children = (
				603F82E228BF7DB500CD9A1A /* CoinDataService.swift */,
				60340BEE28C0C29100D6B531 /* CoinImageService.swift */,
				60AD4DC728C607A200D824D2 /* MarketDataService.swift */,
				6070DE1A28C760AA008C66A7 /* PortfolioDataService.swift */,
				604BD01D28CF461700BBB5E7 /* CoinDetailDataService.swift */,
			);
			path = Services;
			sourceTree = "<group>";
		};
		606F865B28D33A2800CD6969 /* Settings */ = {
			isa = PBXGroup;
			children = (
				606F865C28D33A4000CD6969 /* Views */,
			);
			path = Settings;
			sourceTree = "<group>";
		};
		606F865C28D33A4000CD6969 /* Views */ = {
			isa = PBXGroup;
			children = (
				606F865D28D33A5000CD6969 /* SettingsView.swift */,
			);
			path = Views;
			sourceTree = "<group>";
		};
		606F865F28D3455A00CD6969 /* Launch */ = {
			isa = PBXGroup;
			children = (
				606F866028D3456700CD6969 /* Views */,
			);
			path = Launch;
			sourceTree = "<group>";
		};
		606F866028D3456700CD6969 /* Views */ = {
			isa = PBXGroup;
			children = (
				606F866128D3457700CD6969 /* LaunchScreen.storyboard */,
				606F866328D346A300CD6969 /* LaunchView.swift */,
			);
			path = Views;
			sourceTree = "<group>";
		};
		60B62AF228BE1BF3009134B4 = {
			isa = PBXGroup;
			children = (
				60B62AFD28BE1BF3009134B4 /* Crypto */,
				60B62AFC28BE1BF3009134B4 /* Products */,
			);
			sourceTree = "<group>";
		};
		60B62AFC28BE1BF3009134B4 /* Products */ = {
			isa = PBXGroup;
			children = (
				60B62AFB28BE1BF3009134B4 /* Crypto Tracker.app */,
			);
			name = Products;
			sourceTree = "<group>";
		};
		60B62AFD28BE1BF3009134B4 /* Crypto */ = {
			isa = PBXGroup;
			children = (
				60B62AFE28BE1BF3009134B4 /* CryptoApp.swift */,
				60340BE828C0BCA600D6B531 /* Utilities */,
				60B62B0E28BE1D56009134B4 /* Extensions */,
				603F82E128BF7D9700CD9A1A /* Services */,
				60B62B1D28BE254B009134B4 /* Models */,
				60B62B1128BE1EB1009134B4 /* Core */,
				60B62B0C28BE1D01009134B4 /* Assets.xcassets */,
				60B62B0428BE1BF6009134B4 /* Preview Content */,
			);
			path = Crypto;
			sourceTree = "<group>";
		};
		60B62B0428BE1BF6009134B4 /* Preview Content */ = {
			isa = PBXGroup;
			children = (
				60B62B0528BE1BF6009134B4 /* Preview Assets.xcassets */,
			);
			path = "Preview Content";
			sourceTree = "<group>";
		};
		60B62B0E28BE1D56009134B4 /* Extensions */ = {
			isa = PBXGroup;
			children = (
				60B62B0F28BE1D6D009134B4 /* Colors.swift */,
				60B62B2228BE2CC6009134B4 /* PreviewProvider.swift */,
				60B62B2428BE2F5A009134B4 /* Double.swift */,
				6033256728C212AF0010BEFF /* UIApplication.swift */,
				60ED380528D0A0330028A0AD /* Date.swift */,
				606F865828D3348200CD6969 /* String.swift */,
			);
			path = Extensions;
			sourceTree = "<group>";
		};
		60B62B1128BE1EB1009134B4 /* Core */ = {
			isa = PBXGroup;
			children = (
				60B62B1728BE1F8D009134B4 /* Components */,
				606F865F28D3455A00CD6969 /* Launch */,
				60B62B1228BE1EBD009134B4 /* Home */,
				60D172D928CB55C900038692 /* Detail */,
				606F865B28D33A2800CD6969 /* Settings */,
			);
			path = Core;
			sourceTree = "<group>";
		};
		60B62B1228BE1EBD009134B4 /* Home */ = {
			isa = PBXGroup;
			children = (
				60B62B1428BE1ECC009134B4 /* ViewModels */,
				60B62B1328BE1EC6009134B4 /* Views */,
			);
			path = Home;
			sourceTree = "<group>";
		};
		60B62B1328BE1EC6009134B4 /* Views */ = {
			isa = PBXGroup;
			children = (
				60B62B1528BE1EDC009134B4 /* HomeView.swift */,
				6033256D28C21FDC0010BEFF /* HomeStatsView.swift */,
				60B62B2028BE2C82009134B4 /* CoinRowView.swift */,
				60AD4DC928C60F3100D824D2 /* PortifolioView.swift */,
			);
			path = Views;
			sourceTree = "<group>";
		};
		60B62B1428BE1ECC009134B4 /* ViewModels */ = {
			isa = PBXGroup;
			children = (
				603F82DF28BF71E300CD9A1A /* HomeViewModel.swift */,
			);
			path = ViewModels;
			sourceTree = "<group>";
		};
		60B62B1728BE1F8D009134B4 /* Components */ = {
			isa = PBXGroup;
			children = (
				60340BEB28C0C15300D6B531 /* CoinImage */,
				60B62B1828BE1F9C009134B4 /* CircleButton */,
				6033256528C20EF10010BEFF /* SearchBarView.swift */,
				6033256B28C21D010010BEFF /* StatisticView.swift */,
				60AD4DCB28C6113700D824D2 /* XMarkButton.swift */,
			);
			path = Components;
			sourceTree = "<group>";
		};
		60B62B1828BE1F9C009134B4 /* CircleButton */ = {
			isa = PBXGroup;
			children = (
				60B62B1928BE1FAF009134B4 /* CircleButtonView.swift */,
				60B62B1B28BE2254009134B4 /* CircleButtonAnimationView.swift */,
			);
			path = CircleButton;
			sourceTree = "<group>";
		};
		60B62B1D28BE254B009134B4 /* Models */ = {
			isa = PBXGroup;
			children = (
				60B62B1E28BE255C009134B4 /* CoinModel.swift */,
				6033256928C21BFF0010BEFF /* StatisticModel.swift */,
				6033256F28C222710010BEFF /* MarketDataModel.swift */,
				604BD01928CF459E00BBB5E7 /* CoinDetailModel.swift */,
				6070DE1728C76047008C66A7 /* PortfolioContainer.xcdatamodeld */,
			);
			path = Models;
			sourceTree = "<group>";
		};
		60D172D928CB55C900038692 /* Detail */ = {
			isa = PBXGroup;
			children = (
				60D172DB28CB560200038692 /* ViewModel */,
				60D172DC28CB560800038692 /* Views */,
			);
			path = Detail;
			sourceTree = "<group>";
		};
		60D172DB28CB560200038692 /* ViewModel */ = {
			isa = PBXGroup;
			children = (
				604BD01B28CF45F900BBB5E7 /* DetailViewModel.swift */,
			);
			path = ViewModel;
			sourceTree = "<group>";
		};
		60D172DC28CB560800038692 /* Views */ = {
			isa = PBXGroup;
			children = (
				60D172DD28CB561C00038692 /* DetailView.swift */,
				60ED380328D09B000028A0AD /* ChartView.swift */,
			);
			path = Views;
			sourceTree = "<group>";
		};
/* End PBXGroup section */

/* Begin PBXNativeTarget section */
		60B62AFA28BE1BF3009134B4 /* Crypto */ = {
			isa = PBXNativeTarget;
			buildConfigurationList = 60B62B0928BE1BF6009134B4 /* Build configuration list for PBXNativeTarget "Crypto" */;
			buildPhases = (
				60B62AF728BE1BF3009134B4 /* Sources */,
				60B62AF828BE1BF3009134B4 /* Frameworks */,
				60B62AF928BE1BF3009134B4 /* Resources */,
			);
			buildRules = (
			);
			dependencies = (
			);
			name = Crypto;
			productName = Crypto;
			productReference = 60B62AFB28BE1BF3009134B4 /* Crypto Tracker.app */;
			productType = "com.apple.product-type.application";
		};
/* End PBXNativeTarget section */

/* Begin PBXProject section */
		60B62AF328BE1BF3009134B4 /* Project object */ = {
			isa = PBXProject;
			attributes = {
				BuildIndependentTargetsInParallel = 1;
				LastSwiftUpdateCheck = 1340;
				LastUpgradeCheck = 1340;
				TargetAttributes = {
					60B62AFA28BE1BF3009134B4 = {
						CreatedOnToolsVersion = 13.4.1;
					};
				};
			};
			buildConfigurationList = 60B62AF628BE1BF3009134B4 /* Build configuration list for PBXProject "Crypto" */;
			compatibilityVersion = "Xcode 13.0";
			developmentRegion = en;
			hasScannedForEncodings = 0;
			knownRegions = (
				en,
				Base,
			);
			mainGroup = 60B62AF228BE1BF3009134B4;
			productRefGroup = 60B62AFC28BE1BF3009134B4 /* Products */;
			projectDirPath = "";
			projectRoot = "";
			targets = (
				60B62AFA28BE1BF3009134B4 /* Crypto */,
			);
		};
/* End PBXProject section */

/* Begin PBXResourcesBuildPhase section */
		60B62AF928BE1BF3009134B4 /* Resources */ = {
			isa = PBXResourcesBuildPhase;
			buildActionMask = 2147483647;
			files = (
				606F866228D3457700CD6969 /* LaunchScreen.storyboard in Resources */,
				60B62B0628BE1BF6009134B4 /* Preview Assets.xcassets in Resources */,
				60B62B0D28BE1D01009134B4 /* Assets.xcassets in Resources */,
			);
			runOnlyForDeploymentPostprocessing = 0;
		};
/* End PBXResourcesBuildPhase section */

/* Begin PBXSourcesBuildPhase section */
		60B62AF728BE1BF3009134B4 /* Sources */ = {
			isa = PBXSourcesBuildPhase;
			buildActionMask = 2147483647;
			files = (
				6033256A28C21BFF0010BEFF /* StatisticModel.swift in Sources */,
				60AD4DCA28C60F3100D824D2 /* PortifolioView.swift in Sources */,
				60AD4DCE28C6166400D824D2 /* CoinLogoView.swift in Sources */,
				60AD4DC828C607A200D824D2 /* MarketDataService.swift in Sources */,
				6033256C28C21D010010BEFF /* StatisticView.swift in Sources */,
				6070DE1928C76047008C66A7 /* PortfolioContainer.xcdatamodeld in Sources */,
				606F865E28D33A5000CD6969 /* SettingsView.swift in Sources */,
				606F866428D346A300CD6969 /* LaunchView.swift in Sources */,
				6033256828C212AF0010BEFF /* UIApplication.swift in Sources */,
				60340BF128C0C41500D6B531 /* CoinImageViewModel.swift in Sources */,
				604BD01A28CF459E00BBB5E7 /* CoinDetailModel.swift in Sources */,
				60340BED28C0C15C00D6B531 /* CoinImageView.swift in Sources */,
				603F82E328BF7DB500CD9A1A /* CoinDataService.swift in Sources */,
				60B62B2128BE2C82009134B4 /* CoinRowView.swift in Sources */,
				603F82E028BF71E300CD9A1A /* HomeViewModel.swift in Sources */,
				60B62B1628BE1EDC009134B4 /* HomeView.swift in Sources */,
				60D172DE28CB561C00038692 /* DetailView.swift in Sources */,
				604BD01C28CF45F900BBB5E7 /* DetailViewModel.swift in Sources */,
				60ED380628D0A0330028A0AD /* Date.swift in Sources */,
				60B62B1028BE1D6D009134B4 /* Colors.swift in Sources */,
				60340BF328C0C8F100D6B531 /* LocalFileManager.swift in Sources */,
				6033256E28C21FDC0010BEFF /* HomeStatsView.swift in Sources */,
				60B62B1A28BE1FAF009134B4 /* CircleButtonView.swift in Sources */,
				6033257028C222710010BEFF /* MarketDataModel.swift in Sources */,
				6070DE1B28C760AA008C66A7 /* PortfolioDataService.swift in Sources */,
				60B62AFF28BE1BF3009134B4 /* CryptoApp.swift in Sources */,
				60B62B1C28BE2254009134B4 /* CircleButtonAnimationView.swift in Sources */,
				60B62B2328BE2CC6009134B4 /* PreviewProvider.swift in Sources */,
				60340BEA28C0BCCB00D6B531 /* NetworkingManager.swift in Sources */,
				60B62B2528BE2F5A009134B4 /* Double.swift in Sources */,
				60ED380428D09B000028A0AD /* ChartView.swift in Sources */,
				6015E2B428CA06F6005447EB /* HapticManager.swift in Sources */,
				606F865928D3348200CD6969 /* String.swift in Sources */,
				60AD4DCC28C6113700D824D2 /* XMarkButton.swift in Sources */,
				604BD01E28CF461700BBB5E7 /* CoinDetailDataService.swift in Sources */,
				60340BEF28C0C29100D6B531 /* CoinImageService.swift in Sources */,
				6033256628C20EF10010BEFF /* SearchBarView.swift in Sources */,
				60B62B1F28BE255C009134B4 /* CoinModel.swift in Sources */,
			);
			runOnlyForDeploymentPostprocessing = 0;
		};
/* End PBXSourcesBuildPhase section */

/* Begin XCBuildConfiguration section */
		60B62B0728BE1BF6009134B4 /* Debug */ = {
			isa = XCBuildConfiguration;
			buildSettings = {
				ALWAYS_SEARCH_USER_PATHS = NO;
				CLANG_ANALYZER_NONNULL = YES;
				CLANG_ANALYZER_NUMBER_OBJECT_CONVERSION = YES_AGGRESSIVE;
				CLANG_CXX_LANGUAGE_STANDARD = "gnu++17";
				CLANG_ENABLE_MODULES = YES;
				CLANG_ENABLE_OBJC_ARC = YES;
				CLANG_ENABLE_OBJC_WEAK = YES;
				CLANG_WARN_BLOCK_CAPTURE_AUTORELEASING = YES;
				CLANG_WARN_BOOL_CONVERSION = YES;
				CLANG_WARN_COMMA = YES;
				CLANG_WARN_CONSTANT_CONVERSION = YES;
				CLANG_WARN_DEPRECATED_OBJC_IMPLEMENTATIONS = YES;
				CLANG_WARN_DIRECT_OBJC_ISA_USAGE = YES_ERROR;
				CLANG_WARN_DOCUMENTATION_COMMENTS = YES;
				CLANG_WARN_EMPTY_BODY = YES;
				CLANG_WARN_ENUM_CONVERSION = YES;
				CLANG_WARN_INFINITE_RECURSION = YES;
				CLANG_WARN_INT_CONVERSION = YES;
				CLANG_WARN_NON_LITERAL_NULL_CONVERSION = YES;
				CLANG_WARN_OBJC_IMPLICIT_RETAIN_SELF = YES;
				CLANG_WARN_OBJC_LITERAL_CONVERSION = YES;
				CLANG_WARN_OBJC_ROOT_CLASS = YES_ERROR;
				CLANG_WARN_QUOTED_INCLUDE_IN_FRAMEWORK_HEADER = YES;
				CLANG_WARN_RANGE_LOOP_ANALYSIS = YES;
				CLANG_WARN_STRICT_PROTOTYPES = YES;
				CLANG_WARN_SUSPICIOUS_MOVE = YES;
				CLANG_WARN_UNGUARDED_AVAILABILITY = YES_AGGRESSIVE;
				CLANG_WARN_UNREACHABLE_CODE = YES;
				CLANG_WARN__DUPLICATE_METHOD_MATCH = YES;
				COPY_PHASE_STRIP = NO;
				DEBUG_INFORMATION_FORMAT = dwarf;
				ENABLE_STRICT_OBJC_MSGSEND = YES;
				ENABLE_TESTABILITY = YES;
				GCC_C_LANGUAGE_STANDARD = gnu11;
				GCC_DYNAMIC_NO_PIC = NO;
				GCC_NO_COMMON_BLOCKS = YES;
				GCC_OPTIMIZATION_LEVEL = 0;
				GCC_PREPROCESSOR_DEFINITIONS = (
					"DEBUG=1",
					"$(inherited)",
				);
				GCC_WARN_64_TO_32_BIT_CONVERSION = YES;
				GCC_WARN_ABOUT_RETURN_TYPE = YES_ERROR;
				GCC_WARN_UNDECLARED_SELECTOR = YES;
				GCC_WARN_UNINITIALIZED_AUTOS = YES_AGGRESSIVE;
				GCC_WARN_UNUSED_FUNCTION = YES;
				GCC_WARN_UNUSED_VARIABLE = YES;
				IPHONEOS_DEPLOYMENT_TARGET = 15.5;
				MTL_ENABLE_DEBUG_INFO = INCLUDE_SOURCE;
				MTL_FAST_MATH = YES;
				ONLY_ACTIVE_ARCH = YES;
				SDKROOT = iphoneos;
				SWIFT_ACTIVE_COMPILATION_CONDITIONS = DEBUG;
				SWIFT_OPTIMIZATION_LEVEL = "-Onone";
			};
			name = Debug;
		};
		60B62B0828BE1BF6009134B4 /* Release */ = {
			isa = XCBuildConfiguration;
			buildSettings = {
				ALWAYS_SEARCH_USER_PATHS = NO;
				CLANG_ANALYZER_NONNULL = YES;
				CLANG_ANALYZER_NUMBER_OBJECT_CONVERSION = YES_AGGRESSIVE;
				CLANG_CXX_LANGUAGE_STANDARD = "gnu++17";
				CLANG_ENABLE_MODULES = YES;
				CLANG_ENABLE_OBJC_ARC = YES;
				CLANG_ENABLE_OBJC_WEAK = YES;
				CLANG_WARN_BLOCK_CAPTURE_AUTORELEASING = YES;
				CLANG_WARN_BOOL_CONVERSION = YES;
				CLANG_WARN_COMMA = YES;
				CLANG_WARN_CONSTANT_CONVERSION = YES;
				CLANG_WARN_DEPRECATED_OBJC_IMPLEMENTATIONS = YES;
				CLANG_WARN_DIRECT_OBJC_ISA_USAGE = YES_ERROR;
				CLANG_WARN_DOCUMENTATION_COMMENTS = YES;
				CLANG_WARN_EMPTY_BODY = YES;
				CLANG_WARN_ENUM_CONVERSION = YES;
				CLANG_WARN_INFINITE_RECURSION = YES;
				CLANG_WARN_INT_CONVERSION = YES;
				CLANG_WARN_NON_LITERAL_NULL_CONVERSION = YES;
				CLANG_WARN_OBJC_IMPLICIT_RETAIN_SELF = YES;
				CLANG_WARN_OBJC_LITERAL_CONVERSION = YES;
				CLANG_WARN_OBJC_ROOT_CLASS = YES_ERROR;
				CLANG_WARN_QUOTED_INCLUDE_IN_FRAMEWORK_HEADER = YES;
				CLANG_WARN_RANGE_LOOP_ANALYSIS = YES;
				CLANG_WARN_STRICT_PROTOTYPES = YES;
				CLANG_WARN_SUSPICIOUS_MOVE = YES;
				CLANG_WARN_UNGUARDED_AVAILABILITY = YES_AGGRESSIVE;
				CLANG_WARN_UNREACHABLE_CODE = YES;
				CLANG_WARN__DUPLICATE_METHOD_MATCH = YES;
				COPY_PHASE_STRIP = NO;
				DEBUG_INFORMATION_FORMAT = "dwarf-with-dsym";
				ENABLE_NS_ASSERTIONS = NO;
				ENABLE_STRICT_OBJC_MSGSEND = YES;
				GCC_C_LANGUAGE_STANDARD = gnu11;
				GCC_NO_COMMON_BLOCKS = YES;
				GCC_WARN_64_TO_32_BIT_CONVERSION = YES;
				GCC_WARN_ABOUT_RETURN_TYPE = YES_ERROR;
				GCC_WARN_UNDECLARED_SELECTOR = YES;
				GCC_WARN_UNINITIALIZED_AUTOS = YES_AGGRESSIVE;
				GCC_WARN_UNUSED_FUNCTION = YES;
				GCC_WARN_UNUSED_VARIABLE = YES;
				IPHONEOS_DEPLOYMENT_TARGET = 15.5;
				MTL_ENABLE_DEBUG_INFO = NO;
				MTL_FAST_MATH = YES;
				SDKROOT = iphoneos;
				SWIFT_COMPILATION_MODE = wholemodule;
				SWIFT_OPTIMIZATION_LEVEL = "-O";
				VALIDATE_PRODUCT = YES;
			};
			name = Release;
		};
		60B62B0A28BE1BF6009134B4 /* Debug */ = {
			isa = XCBuildConfiguration;
			buildSettings = {
				ASSETCATALOG_COMPILER_APPICON_NAME = AppIcon;
				ASSETCATALOG_COMPILER_GLOBAL_ACCENT_COLOR_NAME = AccentColor;
				CODE_SIGN_STYLE = Automatic;
				CURRENT_PROJECT_VERSION = 1;
				DEVELOPMENT_ASSET_PATHS = "\"Crypto/Preview Content\"";
				DEVELOPMENT_TEAM = PP645U6956;
				ENABLE_PREVIEWS = YES;
				GENERATE_INFOPLIST_FILE = YES;
				INFOPLIST_KEY_UIApplicationSceneManifest_Generation = YES;
				INFOPLIST_KEY_UIApplicationSupportsIndirectInputEvents = YES;
				INFOPLIST_KEY_UILaunchScreen_Generation = YES;
				INFOPLIST_KEY_UILaunchStoryboardName = LaunchScreen.storyboard;
				INFOPLIST_KEY_UISupportedInterfaceOrientations = UIInterfaceOrientationPortrait;
				LD_RUNPATH_SEARCH_PATHS = (
					"$(inherited)",
					"@executable_path/Frameworks",
				);
				MARKETING_VERSION = 1.0;
				PRODUCT_BUNDLE_IDENTIFIER = com.giovane.Crypto;
				PRODUCT_NAME = "Crypto Tracker";
				SWIFT_EMIT_LOC_STRINGS = YES;
				SWIFT_VERSION = 5.0;
				TARGETED_DEVICE_FAMILY = "1,2";
			};
			name = Debug;
		};
		60B62B0B28BE1BF6009134B4 /* Release */ = {
			isa = XCBuildConfiguration;
			buildSettings = {
				ASSETCATALOG_COMPILER_APPICON_NAME = AppIcon;
				ASSETCATALOG_COMPILER_GLOBAL_ACCENT_COLOR_NAME = AccentColor;
				CODE_SIGN_STYLE = Automatic;
				CURRENT_PROJECT_VERSION = 1;
				DEVELOPMENT_ASSET_PATHS = "\"Crypto/Preview Content\"";
				DEVELOPMENT_TEAM = PP645U6956;
				ENABLE_PREVIEWS = YES;
				GENERATE_INFOPLIST_FILE = YES;
				INFOPLIST_KEY_UIApplicationSceneManifest_Generation = YES;
				INFOPLIST_KEY_UIApplicationSupportsIndirectInputEvents = YES;
				INFOPLIST_KEY_UILaunchScreen_Generation = YES;
				INFOPLIST_KEY_UILaunchStoryboardName = LaunchScreen.storyboard;
				INFOPLIST_KEY_UISupportedInterfaceOrientations = UIInterfaceOrientationPortrait;
				LD_RUNPATH_SEARCH_PATHS = (
					"$(inherited)",
					"@executable_path/Frameworks",
				);
				MARKETING_VERSION = 1.0;
				PRODUCT_BUNDLE_IDENTIFIER = com.giovane.Crypto;
				PRODUCT_NAME = "Crypto Tracker";
				SWIFT_EMIT_LOC_STRINGS = YES;
				SWIFT_VERSION = 5.0;
				TARGETED_DEVICE_FAMILY = "1,2";
			};
			name = Release;
		};
/* End XCBuildConfiguration section */

/* Begin XCConfigurationList section */
		60B62AF628BE1BF3009134B4 /* Build configuration list for PBXProject "Crypto" */ = {
			isa = XCConfigurationList;
			buildConfigurations = (
				60B62B0728BE1BF6009134B4 /* Debug */,
				60B62B0828BE1BF6009134B4 /* Release */,
			);
			defaultConfigurationIsVisible = 0;
			defaultConfigurationName = Release;
		};
		60B62B0928BE1BF6009134B4 /* Build configuration list for PBXNativeTarget "Crypto" */ = {
			isa = XCConfigurationList;
			buildConfigurations = (
				60B62B0A28BE1BF6009134B4 /* Debug */,
				60B62B0B28BE1BF6009134B4 /* Release */,
			);
			defaultConfigurationIsVisible = 0;
			defaultConfigurationName = Release;
		};
/* End XCConfigurationList section */

/* Begin XCVersionGroup section */
		6070DE1728C76047008C66A7 /* PortfolioContainer.xcdatamodeld */ = {
			isa = XCVersionGroup;
			children = (
				6070DE1828C76047008C66A7 /* PortfolioContainer.xcdatamodel */,
			);
			currentVersion = 6070DE1828C76047008C66A7 /* PortfolioContainer.xcdatamodel */;
			path = PortfolioContainer.xcdatamodeld;
			sourceTree = "<group>";
			versionGroupType = wrapper.xcdatamodel;
		};
/* End XCVersionGroup section */
	};
	rootObject = 60B62AF328BE1BF3009134B4 /* Project object */;
}
